// !$*UTF8*$!
{
	archiveVersion = 1;
	classes = {
	};
	objectVersion = 50;
	objects = {

/* Begin PBXBuildFile section */
		5C3E66182226D823005B64FC /* AppDelegate.swift in Sources */ = {isa = PBXBuildFile; fileRef = 5C3E66172226D823005B64FC /* AppDelegate.swift */; };
		5C3E661A2226D823005B64FC /* ViewController.swift in Sources */ = {isa = PBXBuildFile; fileRef = 5C3E66192226D823005B64FC /* ViewController.swift */; };
		5C3E661D2226D823005B64FC /* Main.storyboard in Resources */ = {isa = PBXBuildFile; fileRef = 5C3E661B2226D823005B64FC /* Main.storyboard */; };
		5C3E661F2226D826005B64FC /* Assets.xcassets in Resources */ = {isa = PBXBuildFile; fileRef = 5C3E661E2226D826005B64FC /* Assets.xcassets */; };
		5C3E66222226D826005B64FC /* LaunchScreen.storyboard in Resources */ = {isa = PBXBuildFile; fileRef = 5C3E66202226D826005B64FC /* LaunchScreen.storyboard */; };
		5C3E662A2226DC01005B64FC /* example.swift in Sources */ = {isa = PBXBuildFile; fileRef = 5C3E66292226DC01005B64FC /* example.swift */; };
		5C85BB49BD8D813C3CE8DE53 /* Pods_RxSwiftExample1.framework in Frameworks */ = {isa = PBXBuildFile; fileRef = D7F0FF722CD5B7141EAE8B47 /* Pods_RxSwiftExample1.framework */; };
/* End PBXBuildFile section */

/* Begin PBXFileReference section */
		5C3E66142226D823005B64FC /* RxSwiftExample1.app */ = {isa = PBXFileReference; explicitFileType = wrapper.application; includeInIndex = 0; path = RxSwiftExample1.app; sourceTree = BUILT_PRODUCTS_DIR; };
		5C3E66172226D823005B64FC /* AppDelegate.swift */ = {isa = PBXFileReference; lastKnownFileType = sourcecode.swift; path = AppDelegate.swift; sourceTree = "<group>"; };
		5C3E66192226D823005B64FC /* ViewController.swift */ = {isa = PBXFileReference; lastKnownFileType = sourcecode.swift; path = ViewController.swift; sourceTree = "<group>"; };
		5C3E661C2226D823005B64FC /* Base */ = {isa = PBXFileReference; lastKnownFileType = file.storyboard; name = Base; path = Base.lproj/Main.storyboard; sourceTree = "<group>"; };
		5C3E661E2226D826005B64FC /* Assets.xcassets */ = {isa = PBXFileReference; lastKnownFileType = folder.assetcatalog; path = Assets.xcassets; sourceTree = "<group>"; };
		5C3E66212226D826005B64FC /* Base */ = {isa = PBXFileReference; lastKnownFileType = file.storyboard; name = Base; path = Base.lproj/LaunchScreen.storyboard; sourceTree = "<group>"; };
		5C3E66232226D826005B64FC /* Info.plist */ = {isa = PBXFileReference; lastKnownFileType = text.plist.xml; path = Info.plist; sourceTree = "<group>"; };
		5C3E66292226DC01005B64FC /* example.swift */ = {isa = PBXFileReference; lastKnownFileType = sourcecode.swift; path = example.swift; sourceTree = "<group>"; };
		A56B609029C78B073511B1D6 /* Pods-RxSwiftExample1.release.xcconfig */ = {isa = PBXFileReference; includeInIndex = 1; lastKnownFileType = text.xcconfig; name = "Pods-RxSwiftExample1.release.xcconfig"; path = "Pods/Target Support Files/Pods-RxSwiftExample1/Pods-RxSwiftExample1.release.xcconfig"; sourceTree = "<group>"; };
		D7F0FF722CD5B7141EAE8B47 /* Pods_RxSwiftExample1.framework */ = {isa = PBXFileReference; explicitFileType = wrapper.framework; includeInIndex = 0; path = Pods_RxSwiftExample1.framework; sourceTree = BUILT_PRODUCTS_DIR; };
		E46B5A572D3EBC7BE703DD50 /* Pods-RxSwiftExample1.debug.xcconfig */ = {isa = PBXFileReference; includeInIndex = 1; lastKnownFileType = text.xcconfig; name = "Pods-RxSwiftExample1.debug.xcconfig"; path = "Pods/Target Support Files/Pods-RxSwiftExample1/Pods-RxSwiftExample1.debug.xcconfig"; sourceTree = "<group>"; };
/* End PBXFileReference section */

/* Begin PBXFrameworksBuildPhase section */
		5C3E66112226D823005B64FC /* Frameworks */ = {
			isa = PBXFrameworksBuildPhase;
			buildActionMask = 2147483647;
			files = (
				5C85BB49BD8D813C3CE8DE53 /* Pods_RxSwiftExample1.framework in Frameworks */,
			);
			runOnlyForDeploymentPostprocessing = 0;
		};
/* End PBXFrameworksBuildPhase section */

/* Begin PBXGroup section */
		5C3E660B2226D823005B64FC = {
			isa = PBXGroup;
			children = (
				5C3E66162226D823005B64FC /* RxSwiftExample1 */,
				5C3E66152226D823005B64FC /* Products */,
				9562BEEA337B4202C2A446BA /* Pods */,
				9CCF3146004E223B4D97CF4F /* Frameworks */,
			);
			sourceTree = "<group>";
		};
		5C3E66152226D823005B64FC /* Products */ = {
			isa = PBXGroup;
			children = (
				5C3E66142226D823005B64FC /* RxSwiftExample1.app */,
			);
			name = Products;
			sourceTree = "<group>";
		};
		5C3E66162226D823005B64FC /* RxSwiftExample1 */ = {
			isa = PBXGroup;
			children = (
				5C3E66172226D823005B64FC /* AppDelegate.swift */,
				5C3E66192226D823005B64FC /* ViewController.swift */,
				5C3E66292226DC01005B64FC /* example.swift */,
				5C3E661B2226D823005B64FC /* Main.storyboard */,
				5C3E661E2226D826005B64FC /* Assets.xcassets */,
				5C3E66202226D826005B64FC /* LaunchScreen.storyboard */,
				5C3E66232226D826005B64FC /* Info.plist */,
			);
			path = RxSwiftExample1;
			sourceTree = "<group>";
		};
		9562BEEA337B4202C2A446BA /* Pods */ = {
			isa = PBXGroup;
			children = (
				E46B5A572D3EBC7BE703DD50 /* Pods-RxSwiftExample1.debug.xcconfig */,
				A56B609029C78B073511B1D6 /* Pods-RxSwiftExample1.release.xcconfig */,
			);
			name = Pods;
			sourceTree = "<group>";
		};
		9CCF3146004E223B4D97CF4F /* Frameworks */ = {
			isa = PBXGroup;
			children = (
				D7F0FF722CD5B7141EAE8B47 /* Pods_RxSwiftExample1.framework */,
			);
			name = Frameworks;
			sourceTree = "<group>";
		};
/* End PBXGroup section */

/* Begin PBXNativeTarget section */
		5C3E66132226D823005B64FC /* RxSwiftExample1 */ = {
			isa = PBXNativeTarget;
			buildConfigurationList = 5C3E66262226D826005B64FC /* Build configuration list for PBXNativeTarget "RxSwiftExample1" */;
			buildPhases = (
				A0AED46854A8B33E873EC17A /* [CP] Check Pods Manifest.lock */,
				5C3E66102226D823005B64FC /* Sources */,
				5C3E66112226D823005B64FC /* Frameworks */,
				5C3E66122226D823005B64FC /* Resources */,
				98427C7A03C1A0A6452FDE44 /* [CP] Embed Pods Frameworks */,
			);
			buildRules = (
			);
			dependencies = (
			);
			name = RxSwiftExample1;
			productName = RxSwiftExample1;
			productReference = 5C3E66142226D823005B64FC /* RxSwiftExample1.app */;
			productType = "com.apple.product-type.application";
		};
/* End PBXNativeTarget section */

/* Begin PBXProject section */
		5C3E660C2226D823005B64FC /* Project object */ = {
			isa = PBXProject;
			attributes = {
				LastSwiftUpdateCheck = 1010;
				LastUpgradeCheck = 1010;
				ORGANIZATIONNAME = "한상준";
				TargetAttributes = {
					5C3E66132226D823005B64FC = {
						CreatedOnToolsVersion = 10.1;
					};
				};
			};
			buildConfigurationList = 5C3E660F2226D823005B64FC /* Build configuration list for PBXProject "RxSwiftExample1" */;
			compatibilityVersion = "Xcode 9.3";
			developmentRegion = en;
			hasScannedForEncodings = 0;
			knownRegions = (
				en,
				Base,
			);
			mainGroup = 5C3E660B2226D823005B64FC;
			productRefGroup = 5C3E66152226D823005B64FC /* Products */;
			projectDirPath = "";
			projectRoot = "";
			targets = (
				5C3E66132226D823005B64FC /* RxSwiftExample1 */,
			);
		};
/* End PBXProject section */

/* Begin PBXResourcesBuildPhase section */
		5C3E66122226D823005B64FC /* Resources */ = {
			isa = PBXResourcesBuildPhase;
			buildActionMask = 2147483647;
			files = (
				5C3E66222226D826005B64FC /* LaunchScreen.storyboard in Resources */,
				5C3E661F2226D826005B64FC /* Assets.xcassets in Resources */,
				5C3E661D2226D823005B64FC /* Main.storyboard in Resources */,
			);
			runOnlyForDeploymentPostprocessing = 0;
		};
/* End PBXResourcesBuildPhase section */

/* Begin PBXShellScriptBuildPhase section */
		98427C7A03C1A0A6452FDE44 /* [CP] Embed Pods Frameworks */ = {
			isa = PBXShellScriptBuildPhase;
			buildActionMask = 2147483647;
			files = (
			);
			inputPaths = (
				"${SRCROOT}/Pods/Target Support Files/Pods-RxSwiftExample1/Pods-RxSwiftExample1-frameworks.sh",
				"${BUILT_PRODUCTS_DIR}/RxAtomic/RxAtomic.framework",
				"${BUILT_PRODUCTS_DIR}/RxCocoa/RxCocoa.framework",
				"${BUILT_PRODUCTS_DIR}/RxSwift/RxSwift.framework",
			);
			name = "[CP] Embed Pods Frameworks";
			outputPaths = (
				"${TARGET_BUILD_DIR}/${FRAMEWORKS_FOLDER_PATH}/RxAtomic.framework",
				"${TARGET_BUILD_DIR}/${FRAMEWORKS_FOLDER_PATH}/RxCocoa.framework",
				"${TARGET_BUILD_DIR}/${FRAMEWORKS_FOLDER_PATH}/RxSwift.framework",
			);
			runOnlyForDeploymentPostprocessing = 0;
			shellPath = /bin/sh;
			shellScript = "\"${SRCROOT}/Pods/Target Support Files/Pods-RxSwiftExample1/Pods-RxSwiftExample1-frameworks.sh\"\n";
			showEnvVarsInLog = 0;
		};
		A0AED46854A8B33E873EC17A /* [CP] Check Pods Manifest.lock */ = {
			isa = PBXShellScriptBuildPhase;
			buildActionMask = 2147483647;
			files = (
			);
			inputPaths = (
				"${PODS_PODFILE_DIR_PATH}/Podfile.lock",
				"${PODS_ROOT}/Manifest.lock",
			);
			name = "[CP] Check Pods Manifest.lock";
			outputPaths = (
				"$(DERIVED_FILE_DIR)/Pods-RxSwiftExample1-checkManifestLockResult.txt",
			);
			runOnlyForDeploymentPostprocessing = 0;
			shellPath = /bin/sh;
			shellScript = "diff \"${PODS_PODFILE_DIR_PATH}/Podfile.lock\" \"${PODS_ROOT}/Manifest.lock\" > /dev/null\nif [ $? != 0 ] ; then\n    # print error to STDERR\n    echo \"error: The sandbox is not in sync with the Podfile.lock. Run 'pod install' or update your CocoaPods installation.\" >&2\n    exit 1\nfi\n# This output is used by Xcode 'outputs' to avoid re-running this script phase.\necho \"SUCCESS\" > \"${SCRIPT_OUTPUT_FILE_0}\"\n";
			showEnvVarsInLog = 0;
		};
/* End PBXShellScriptBuildPhase section */

/* Begin PBXSourcesBuildPhase section */
		5C3E66102226D823005B64FC /* Sources */ = {
			isa = PBXSourcesBuildPhase;
			buildActionMask = 2147483647;
			files = (
				5C3E662A2226DC01005B64FC /* example.swift in Sources */,
				5C3E661A2226D823005B64FC /* ViewController.swift in Sources */,
				5C3E66182226D823005B64FC /* AppDelegate.swift in Sources */,
			);
			runOnlyForDeploymentPostprocessing = 0;
		};
/* End PBXSourcesBuildPhase section */

/* Begin PBXVariantGroup section */
		5C3E661B2226D823005B64FC /* Main.storyboard */ = {
			isa = PBXVariantGroup;
			children = (
				5C3E661C2226D823005B64FC /* Base */,
			);
			name = Main.storyboard;
			sourceTree = "<group>";
		};
		5C3E66202226D826005B64FC /* LaunchScreen.storyboard */ = {
			isa = PBXVariantGroup;
			children = (
				5C3E66212226D826005B64FC /* Base */,
			);
			name = LaunchScreen.storyboard;
			sourceTree = "<group>";
		};
/* End PBXVariantGroup section */

/* Begin XCBuildConfiguration section */
		5C3E66242226D826005B64FC /* Debug */ = {
			isa = XCBuildConfiguration;
			buildSettings = {
				ALWAYS_SEARCH_USER_PATHS = NO;
				CLANG_ANALYZER_NONNULL = YES;
				CLANG_ANALYZER_NUMBER_OBJECT_CONVERSION = YES_AGGRESSIVE;
				CLANG_CXX_LANGUAGE_STANDARD = "gnu++14";
				CLANG_CXX_LIBRARY = "libc++";
				CLANG_ENABLE_MODULES = YES;
				CLANG_ENABLE_OBJC_ARC = YES;
				CLANG_ENABLE_OBJC_WEAK = YES;
				CLANG_WARN_BLOCK_CAPTURE_AUTORELEASING = YES;
				CLANG_WARN_BOOL_CONVERSION = YES;
				CLANG_WARN_COMMA = YES;
				CLANG_WARN_CONSTANT_CONVERSION = YES;
				CLANG_WARN_DEPRECATED_OBJC_IMPLEMENTATIONS = YES;
				CLANG_WARN_DIRECT_OBJC_ISA_USAGE = YES_ERROR;
				CLANG_WARN_DOCUMENTATION_COMMENTS = YES;
				CLANG_WARN_EMPTY_BODY = YES;
				CLANG_WARN_ENUM_CONVERSION = YES;
				CLANG_WARN_INFINITE_RECURSION = YES;
				CLANG_WARN_INT_CONVERSION = YES;
				CLANG_WARN_NON_LITERAL_NULL_CONVERSION = YES;
				CLANG_WARN_OBJC_IMPLICIT_RETAIN_SELF = YES;
				CLANG_WARN_OBJC_LITERAL_CONVERSION = YES;
				CLANG_WARN_OBJC_ROOT_CLASS = YES_ERROR;
				CLANG_WARN_RANGE_LOOP_ANALYSIS = YES;
				CLANG_WARN_STRICT_PROTOTYPES = YES;
				CLANG_WARN_SUSPICIOUS_MOVE = YES;
				CLANG_WARN_UNGUARDED_AVAILABILITY = YES_AGGRESSIVE;
				CLANG_WARN_UNREACHABLE_CODE = YES;
				CLANG_WARN__DUPLICATE_METHOD_MATCH = YES;
				CODE_SIGN_IDENTITY = "iPhone Developer";
				COPY_PHASE_STRIP = NO;
				DEBUG_INFORMATION_FORMAT = dwarf;
				ENABLE_STRICT_OBJC_MSGSEND = YES;
				ENABLE_TESTABILITY = YES;
				GCC_C_LANGUAGE_STANDARD = gnu11;
				GCC_DYNAMIC_NO_PIC = NO;
				GCC_NO_COMMON_BLOCKS = YES;
				GCC_OPTIMIZATION_LEVEL = 0;
				GCC_PREPROCESSOR_DEFINITIONS = (
					"DEBUG=1",
					"$(inherited)",
				);
				GCC_WARN_64_TO_32_BIT_CONVERSION = YES;
				GCC_WARN_ABOUT_RETURN_TYPE = YES_ERROR;
				GCC_WARN_UNDECLARED_SELECTOR = YES;
				GCC_WARN_UNINITIALIZED_AUTOS = YES_AGGRESSIVE;
				GCC_WARN_UNUSED_FUNCTION = YES;
				GCC_WARN_UNUSED_VARIABLE = YES;
				IPHONEOS_DEPLOYMENT_TARGET = 12.1;
				MTL_ENABLE_DEBUG_INFO = INCLUDE_SOURCE;
				MTL_FAST_MATH = YES;
				ONLY_ACTIVE_ARCH = YES;
				SDKROOT = iphoneos;
				SWIFT_ACTIVE_COMPILATION_CONDITIONS = DEBUG;
				SWIFT_OPTIMIZATION_LEVEL = "-Onone";
			};
			name = Debug;
		};
		5C3E66252226D826005B64FC /* Release */ = {
			isa = XCBuildConfiguration;
			buildSettings = {
				ALWAYS_SEARCH_USER_PATHS = NO;
				CLANG_ANALYZER_NONNULL = YES;
				CLANG_ANALYZER_NUMBER_OBJECT_CONVERSION = YES_AGGRESSIVE;
				CLANG_CXX_LANGUAGE_STANDARD = "gnu++14";
				CLANG_CXX_LIBRARY = "libc++";
				CLANG_ENABLE_MODULES = YES;
				CLANG_ENABLE_OBJC_ARC = YES;
				CLANG_ENABLE_OBJC_WEAK = YES;
				CLANG_WARN_BLOCK_CAPTURE_AUTORELEASING = YES;
				CLANG_WARN_BOOL_CONVERSION = YES;
				CLANG_WARN_COMMA = YES;
				CLANG_WARN_CONSTANT_CONVERSION = YES;
				CLANG_WARN_DEPRECATED_OBJC_IMPLEMENTATIONS = YES;
				CLANG_WARN_DIRECT_OBJC_ISA_USAGE = YES_ERROR;
				CLANG_WARN_DOCUMENTATION_COMMENTS = YES;
				CLANG_WARN_EMPTY_BODY = YES;
				CLANG_WARN_ENUM_CONVERSION = YES;
				CLANG_WARN_INFINITE_RECURSION = YES;
				CLANG_WARN_INT_CONVERSION = YES;
				CLANG_WARN_NON_LITERAL_NULL_CONVERSION = YES;
				CLANG_WARN_OBJC_IMPLICIT_RETAIN_SELF = YES;
				CLANG_WARN_OBJC_LITERAL_CONVERSION = YES;
				CLANG_WARN_OBJC_ROOT_CLASS = YES_ERROR;
				CLANG_WARN_RANGE_LOOP_ANALYSIS = YES;
				CLANG_WARN_STRICT_PROTOTYPES = YES;
				CLANG_WARN_SUSPICIOUS_MOVE = YES;
				CLANG_WARN_UNGUARDED_AVAILABILITY = YES_AGGRESSIVE;
				CLANG_WARN_UNREACHABLE_CODE = YES;
				CLANG_WARN__DUPLICATE_METHOD_MATCH = YES;
				CODE_SIGN_IDENTITY = "iPhone Developer";
				COPY_PHASE_STRIP = NO;
				DEBUG_INFORMATION_FORMAT = "dwarf-with-dsym";
				ENABLE_NS_ASSERTIONS = NO;
				ENABLE_STRICT_OBJC_MSGSEND = YES;
				GCC_C_LANGUAGE_STANDARD = gnu11;
				GCC_NO_COMMON_BLOCKS = YES;
				GCC_WARN_64_TO_32_BIT_CONVERSION = YES;
				GCC_WARN_ABOUT_RETURN_TYPE = YES_ERROR;
				GCC_WARN_UNDECLARED_SELECTOR = YES;
				GCC_WARN_UNINITIALIZED_AUTOS = YES_AGGRESSIVE;
				GCC_WARN_UNUSED_FUNCTION = YES;
				GCC_WARN_UNUSED_VARIABLE = YES;
				IPHONEOS_DEPLOYMENT_TARGET = 12.1;
				MTL_ENABLE_DEBUG_INFO = NO;
				MTL_FAST_MATH = YES;
				SDKROOT = iphoneos;
				SWIFT_COMPILATION_MODE = wholemodule;
				SWIFT_OPTIMIZATION_LEVEL = "-O";
				VALIDATE_PRODUCT = YES;
			};
			name = Release;
		};
		5C3E66272226D826005B64FC /* Debug */ = {
			isa = XCBuildConfiguration;
			baseConfigurationReference = E46B5A572D3EBC7BE703DD50 /* Pods-RxSwiftExample1.debug.xcconfig */;
			buildSettings = {
				ASSETCATALOG_COMPILER_APPICON_NAME = AppIcon;
				CODE_SIGN_STYLE = Automatic;
				DEVELOPMENT_TEAM = 2Y6MEDAL5W;
				INFOPLIST_FILE = RxSwiftExample1/Info.plist;
				LD_RUNPATH_SEARCH_PATHS = (
					"$(inherited)",
					"@executable_path/Frameworks",
				);
				PRODUCT_BUNDLE_IDENTIFIER = "escape-anaemia.RxSwiftExample1";
				PRODUCT_NAME = "$(TARGET_NAME)";
				SWIFT_VERSION = 4.2;
				TARGETED_DEVICE_FAMILY = "1,2";
			};
			name = Debug;
		};
		5C3E66282226D826005B64FC /* Release */ = {
			isa = XCBuildConfiguration;
			baseConfigurationReference = A56B609029C78B073511B1D6 /* Pods-RxSwiftExample1.release.xcconfig */;
			buildSettings = {
				ASSETCATALOG_COMPILER_APPICON_NAME = AppIcon;
				CODE_SIGN_STYLE = Automatic;
				DEVELOPMENT_TEAM = 2Y6MEDAL5W;
				INFOPLIST_FILE = RxSwiftExample1/Info.plist;
				LD_RUNPATH_SEARCH_PATHS = (
					"$(inherited)",
					"@executable_path/Frameworks",
				);
				PRODUCT_BUNDLE_IDENTIFIER = "escape-anaemia.RxSwiftExample1";
				PRODUCT_NAME = "$(TARGET_NAME)";
				SWIFT_VERSION = 4.2;
				TARGETED_DEVICE_FAMILY = "1,2";
			};
			name = Release;
		};
/* End XCBuildConfiguration section */

/* Begin XCConfigurationList section */
		5C3E660F2226D823005B64FC /* Build configuration list for PBXProject "RxSwiftExample1" */ = {
			isa = XCConfigurationList;
			buildConfigurations = (
				5C3E66242226D826005B64FC /* Debug */,
				5C3E66252226D826005B64FC /* Release */,
			);
			defaultConfigurationIsVisible = 0;
			defaultConfigurationName = Release;
		};
		5C3E66262226D826005B64FC /* Build configuration list for PBXNativeTarget "RxSwiftExample1" */ = {
			isa = XCConfigurationList;
			buildConfigurations = (
				5C3E66272226D826005B64FC /* Debug */,
				5C3E66282226D826005B64FC /* Release */,
			);
			defaultConfigurationIsVisible = 0;
			defaultConfigurationName = Release;
		};
/* End XCConfigurationList section */
	};
	rootObject = 5C3E660C2226D823005B64FC /* Project object */;
}
